
Microsoft Visual Studio Solution File, Format Version 12.00
# Visual Studio Version 17
VisualStudioVersion = 17.5.33530.505
MinimumVisualStudioVersion = 10.0.40219.1
Project("{FAE04EC0-301F-11D3-BF4B-00C04F79EFBC}") = "SecToMin", "SecToMin.csproj", "{5B791FE1-E6FE-496D-8607-4F7B94C11F1C}"
EndProject
Global
	GlobalSection(SolutionConfigurationPlatforms) = preSolution
		Debug|Any CPU = Debug|Any CPU
		Release|Any CPU = Release|Any CPU
	EndGlobalSection
	GlobalSection(ProjectConfigurationPlatforms) = postSolution
		{5B791FE1-E6FE-496D-8607-4F7B94C11F1C}.Debug|Any CPU.ActiveCfg = Debug|Any CPU
		{5B791FE1-E6FE-496D-8607-4F7B94C11F1C}.Debug|Any CPU.Build.0 = Debug|Any CPU
		{5B791FE1-E6FE-496D-8607-4F7B94C11F1C}.Release|Any CPU.ActiveCfg = Release|Any CPU
		{5B791FE1-E6FE-496D-8607-4F7B94C11F1C}.Release|Any CPU.Build.0 = Release|Any CPU
	EndGlobalSection
	GlobalSection(SolutionProperties) = preSolution
		HideSolutionNode = FALSE
	EndGlobalSection
	GlobalSection(ExtensibilityGlobals) = postSolution
		SolutionGuid = {E176F18D-1655-416E-ACAE-8F66D0938028}
	EndGlobalSection
EndGlobal
